
Microsoft Visual Studio Solution File, Format Version 12.00
# Visual Studio 15
VisualStudioVersion = 15.0.26430.6
MinimumVisualStudioVersion = 10.0.40219.1
Project("{FAE04EC0-301F-11D3-BF4B-00C04F79EFBC}") = "TeamCoding", "TeamCoding\TeamCoding.csproj", "{F9EE549E-E774-4C67-AB5F-FA5212D8B501}"
EndProject
Project("{2150E333-8FDC-42A3-9474-1A3956D46DE8}") = "Solution Items", "Solution Items", "{6FF7BA71-B302-495E-A2BB-4EDDC2C83E54}"
	ProjectSection(SolutionItems) = preProject
		appveyor.yml = appveyor.yml
		CONTRIBUTING.md = CONTRIBUTING.md
		ISSUE_TEMPLATE.md = ISSUE_TEMPLATE.md
		License.txt = License.txt
		readme.md = readme.md
		Settings.md = Settings.md
	EndProjectSection
EndProject
Project("{FAE04EC0-301F-11D3-BF4B-00C04F79EFBC}") = "TeamCoding.v14", "TeamCoding.v14\TeamCoding.v14.csproj", "{1BC98758-87AE-488E-9B2F-4E06ACC83646}"
EndProject
Project("{FAE04EC0-301F-11D3-BF4B-00C04F79EFBC}") = "TeamCoding.v15", "TeamCoding.v15\TeamCoding.v15.csproj", "{5BCC781B-0C52-4E96-BC43-8B1E02BC442B}"
EndProject
Project("{2150E333-8FDC-42A3-9474-1A3956D46DE8}") = "References", "References", "{B84A6007-02A1-47F1-A9EF-CABA9A80833B}"
EndProject
Project("{2150E333-8FDC-42A3-9474-1A3956D46DE8}") = "v14", "v14", "{7445A02E-33F9-4EDD-8F0B-7CD203C3B147}"
	ProjectSection(SolutionItems) = preProject
		References\v14\Microsoft.Alm.Shared.dll = References\v14\Microsoft.Alm.Shared.dll
		References\v14\Microsoft.TeamFoundation.CodeSense.Client.Common.dll = References\v14\Microsoft.TeamFoundation.CodeSense.Client.Common.dll
		References\v14\Microsoft.VisualStudio.Alm.Shared.CodeAnalysisClient.dll = References\v14\Microsoft.VisualStudio.Alm.Shared.CodeAnalysisClient.dll
		References\v14\Microsoft.VisualStudio.Alm.Shared.dll = References\v14\Microsoft.VisualStudio.Alm.Shared.dll
		References\v14\Microsoft.VisualStudio.CodeSense.Client.Common.dll = References\v14\Microsoft.VisualStudio.CodeSense.Client.Common.dll
		References\v14\Microsoft.VisualStudio.CodeSense.dll = References\v14\Microsoft.VisualStudio.CodeSense.dll
		References\v14\Microsoft.VisualStudio.CodeSense.Roslyn.dll = References\v14\Microsoft.VisualStudio.CodeSense.Roslyn.dll
		References\v14\Microsoft.VisualStudio.Text.Internal.dll = References\v14\Microsoft.VisualStudio.Text.Internal.dll
	EndProjectSection
EndProject
Project("{2150E333-8FDC-42A3-9474-1A3956D46DE8}") = "v15", "v15", "{63183E3E-79EB-4A9D-82E3-24C7DBAB77A9}"
	ProjectSection(SolutionItems) = preProject
		References\v15\Microsoft.Alm.Shared.dll = References\v15\Microsoft.Alm.Shared.dll
		References\v15\Microsoft.TeamFoundation.CodeSense.Client.Common.dll = References\v15\Microsoft.TeamFoundation.CodeSense.Client.Common.dll
		References\v15\Microsoft.VisualStudio.Alm.Shared.dll = References\v15\Microsoft.VisualStudio.Alm.Shared.dll
		References\v15\Microsoft.VisualStudio.CodeSense.Client.Common.dll = References\v15\Microsoft.VisualStudio.CodeSense.Client.Common.dll
		References\v15\Microsoft.VisualStudio.CodeSense.dll = References\v15\Microsoft.VisualStudio.CodeSense.dll
		References\v15\Microsoft.VisualStudio.CodeSense.Roslyn.dll = References\v15\Microsoft.VisualStudio.CodeSense.Roslyn.dll
		References\v15\Microsoft.VisualStudio.Text.Internal.dll = References\v15\Microsoft.VisualStudio.Text.Internal.dll
	EndProjectSection
EndProject
Project("{FAE04EC0-301F-11D3-BF4B-00C04F79EFBC}") = "TeamCoding.WindowsService", "TeamCoding.WindowsService\TeamCoding.WindowsService.csproj", "{7773A028-F409-4611-88A3-2CCA4D57E8DB}"
EndProject
Project("{FAE04EC0-301F-11D3-BF4B-00C04F79EFBC}") = "TeamCoding.Shared", "TeamCoding.Shared\TeamCoding.Shared.csproj", "{A72EB923-18EB-42A9-938E-533CFC5B15EF}"
EndProject
Project("{FAE04EC0-301F-11D3-BF4B-00C04F79EFBC}") = "Toci.TeamCoding.Tests", "TeamCoding.Tests\Toci.TeamCoding.Tests.csproj", "{69CAD7FC-EE2B-4436-95BE-FDB0D68D9458}"
EndProject
Project("{2150E333-8FDC-42A3-9474-1A3956D46DE8}") = "Toci", "Toci", "{B4E60EB0-EDBC-4CF2-BD17-486F9019B9F5}"
EndProject
Project("{FAE04EC0-301F-11D3-BF4B-00C04F79EFBC}") = "Toci.Piascode.Instructions.Interfaces", "Toci\Toci.Piascode.Instructions.Interfacces\Toci.Piascode.Instructions.Interfaces.csproj", "{86782432-7656-499A-AA3F-D1BC8A90A81D}"
EndProject
Project("{FAE04EC0-301F-11D3-BF4B-00C04F79EFBC}") = "Toci.Piastcode.Instructions", "Toci\Toci.Piastcode.Instructions\Toci.Piastcode.Instructions.csproj", "{DB9DA045-8767-442C-901D-F77D4F0C69E1}"
EndProject
Project("{FAE04EC0-301F-11D3-BF4B-00C04F79EFBC}") = "Toci.Piastcode.Social.Client", "Toci\Toci.Piastcode.Social.Client\Toci.Piastcode.Social.Client.csproj", "{CDC32FE2-61BF-4D51-B8E7-569D06A22FD7}"
EndProject
Project("{FAE04EC0-301F-11D3-BF4B-00C04F79EFBC}") = "Toci.Piastcode.Social.Client.Interfaces", "Toci\Toci.Piastcode.Social.Client.Interfaces\Toci.Piastcode.Social.Client.Interfaces.csproj", "{BBB037D1-7779-4DF9-B7E6-318EF128E933}"
EndProject
Project("{FAE04EC0-301F-11D3-BF4B-00C04F79EFBC}") = "Toci.Piastcode.Social.Entities", "Toci\Toci.Piastcode.Social.Entities\Toci.Piastcode.Social.Entities.csproj", "{77E05E9F-D76D-4AF0-997C-E1A98455243B}"
EndProject
Project("{FAE04EC0-301F-11D3-BF4B-00C04F79EFBC}") = "Toci.Piastcode.Social.Entities.Interfaces", "Toci\Toci.Piastcode.Social.Entities.Interfaces\Toci.Piastcode.Social.Entities.Interfaces.csproj", "{FC6670A4-5F00-401D-9C90-544BA5F4A46D}"
EndProject
Project("{FAE04EC0-301F-11D3-BF4B-00C04F79EFBC}") = "Toci.Piastcode.Social.Server", "Toci\Toci.Piastcode.Social.Server\Toci.Piastcode.Social.Server.csproj", "{13BB3173-2BFF-41E1-8B06-F73C4457B155}"
EndProject
Project("{FAE04EC0-301F-11D3-BF4B-00C04F79EFBC}") = "Toci.Piastcode.Social.Server.Interfaces", "Toci\Toci.Piastcode.Social.Server.Interfaces\Toci.Piastcode.Social.Server.Interfaces.csproj", "{DFD722D9-1500-422D-B95F-CC301AB35FE8}"
EndProject
Project("{FAE04EC0-301F-11D3-BF4B-00C04F79EFBC}") = "Toci.Piastcode.Social.Sockets", "Toci\Toci.Piastcode.Social.Sockets\Toci.Piastcode.Social.Sockets.csproj", "{E18E9834-6F28-48B6-81C8-A7AA4CC365C1}"
	ProjectSection(ProjectDependencies) = postProject
		{92306387-89E7-47E5-8253-E6F3B4F3E428} = {92306387-89E7-47E5-8253-E6F3B4F3E428}
	EndProjectSection
EndProject
Project("{FAE04EC0-301F-11D3-BF4B-00C04F79EFBC}") = "Toci.Piastcode.Social.Sockets.Interfaces", "Toci\Toci.Piastcode.Social.Sockets.Interfaces\Toci.Piastcode.Social.Sockets.Interfaces.csproj", "{92306387-89E7-47E5-8253-E6F3B4F3E428}"
EndProject
Project("{FAE04EC0-301F-11D3-BF4B-00C04F79EFBC}") = "Toci.Piastcode.Social.Tools", "Toci\Toci.Piastcode.Social.Tools\Toci.Piastcode.Social.Tools.csproj", "{5C40FDBC-FD89-4080-BFBC-FEE81AC53A01}"
	ProjectSection(ProjectDependencies) = postProject
		{C1115FFE-6885-4FB9-9F9E-4EE88178A864} = {C1115FFE-6885-4FB9-9F9E-4EE88178A864}
	EndProjectSection
EndProject
Project("{FAE04EC0-301F-11D3-BF4B-00C04F79EFBC}") = "Toci.Piastcode.Social.Tools.Interfaces", "Toci\Toci.Piastcode.Social.Tools.Interfaces\Toci.Piastcode.Social.Tools.Interfaces.csproj", "{C1115FFE-6885-4FB9-9F9E-4EE88178A864}"
EndProject
Project("{FAE04EC0-301F-11D3-BF4B-00C04F79EFBC}") = "Toci.Piastcode.SpeechRecognition", "Toci\Toci.Piastcode.SpeechRecognition\Toci.Piastcode.SpeechRecognition.csproj", "{480B3504-6497-43D8-9F9F-CCBBC5F230C0}"
EndProject
Project("{FAE04EC0-301F-11D3-BF4B-00C04F79EFBC}") = "Toci.Piastcode.SpeechRecognition.Interfaces", "Toci\Toci.Piastcode.SpeechRecognition.Interfaces\Toci.Piastcode.SpeechRecognition.Interfaces.csproj", "{7247629D-ACEE-4164-93A4-68F8A8B2ED85}"
EndProject
Project("{FAE04EC0-301F-11D3-BF4B-00C04F79EFBC}") = "Toci.Console.Server", "Toci.VoiceRecognition.Poc\Toci.Console.Server.csproj", "{CC43867E-3ECC-48DB-A548-35CC45E75404}"
	ProjectSection(ProjectDependencies) = postProject
		{77E05E9F-D76D-4AF0-997C-E1A98455243B} = {77E05E9F-D76D-4AF0-997C-E1A98455243B}
		{FC6670A4-5F00-401D-9C90-544BA5F4A46D} = {FC6670A4-5F00-401D-9C90-544BA5F4A46D}
	EndProjectSection
EndProject
Project("{2150E333-8FDC-42A3-9474-1A3956D46DE8}") = "Pentagram", "Pentagram", "{E00027AE-06F3-478C-9454-E7DB25EC87AD}"
EndProject
Project("{2150E333-8FDC-42A3-9474-1A3956D46DE8}") = "Projects", "Projects", "{FD37A4BD-8A56-4A75-83D0-C26FC3B988E0}"
EndProject
Project("{2150E333-8FDC-42A3-9474-1A3956D46DE8}") = "Users", "Users", "{58E8E04B-5CA8-4AC5-97FD-BB0EEB3093A7}"
EndProject
Project("{FAE04EC0-301F-11D3-BF4B-00C04F79EFBC}") = "Toci.Ptc.Users.Interfaces", "Toci.Ptc.Users.Interfaces\Toci.Ptc.Users.Interfaces.csproj", "{47A08B13-FC37-46F4-9CC2-871207AA9B2C}"
EndProject
Project("{FAE04EC0-301F-11D3-BF4B-00C04F79EFBC}") = "Toci.Ptc.Users", "Toci.Ptc.Users\Toci.Ptc.Users.csproj", "{BE667369-9AF6-4D0F-BD59-F58E0D5EC6DA}"
EndProject
Project("{FAE04EC0-301F-11D3-BF4B-00C04F79EFBC}") = "Toci.Ptc.Projects.Interfaces", "Toci.Ptc.Projects.Interfaces\Toci.Ptc.Projects.Interfaces.csproj", "{50BF82E9-8557-4B70-A746-61E45D269BCC}"
EndProject
Project("{FAE04EC0-301F-11D3-BF4B-00C04F79EFBC}") = "Toci.Ptc.Projects", "Toci.Ptc.Projects\Toci.Ptc.Projects.csproj", "{490BE03C-BB02-4ABD-8ADC-EFD818835D08}"
EndProject
Project("{2150E333-8FDC-42A3-9474-1A3956D46DE8}") = "Server", "Server", "{7CBD804B-7005-4067-9F9D-5F7670B73A5C}"
EndProject
Project("{FAE04EC0-301F-11D3-BF4B-00C04F79EFBC}") = "Toci.Ptc.Server.Interfaces", "Toci.Ptc.Server.Interfaces\Toci.Ptc.Server.Interfaces.csproj", "{D092D351-B3EA-4F1B-910F-9D8C65A8EEA2}"
EndProject
Project("{FAE04EC0-301F-11D3-BF4B-00C04F79EFBC}") = "Toci.Ptc.Broadcast.Interfaces", "Toci.Ptc.Broadcast.Interfaces\Toci.Ptc.Broadcast.Interfaces.csproj", "{3415C2DC-8091-4F46-975A-DF8079C8128C}"
EndProject
Project("{FAE04EC0-301F-11D3-BF4B-00C04F79EFBC}") = "Toci.Ptc.Environment.Interfaces", "Toci.Ptc.Environment.Interfaces\Toci.Ptc.Environment.Interfaces.csproj", "{F5C9D871-9B9F-4007-B2D6-215598A83898}"
EndProject
Project("{FAE04EC0-301F-11D3-BF4B-00C04F79EFBC}") = "Toci.Ptc.Server", "Toci.Ptc.Server\Toci.Ptc.Server.csproj", "{53CDAE05-C965-47E2-B5A9-92668E49EC0D}"
EndProject
Project("{FAE04EC0-301F-11D3-BF4B-00C04F79EFBC}") = "Toci.Ptc.Broadcast", "Toci.Ptc.Broadcast\Toci.Ptc.Broadcast.csproj", "{1266DAD6-454D-4D24-98C0-E8793D7BA1AE}"
EndProject
Project("{FAE04EC0-301F-11D3-BF4B-00C04F79EFBC}") = "Toci.Ptc.Environment", "Toci.Ptc.Environment\Toci.Ptc.Environment.csproj", "{89EAA26F-CC2F-45CF-9313-FB6D1619E824}"
EndProject
Project("{2150E333-8FDC-42A3-9474-1A3956D46DE8}") = "Manager", "Manager", "{89679AD6-D96C-4AAF-AE32-0B514587A6E3}"
EndProject
Project("{FAE04EC0-301F-11D3-BF4B-00C04F79EFBC}") = "Toci.Ptc.Manager.Interfaces", "Toci.Ptc.Manager.Interfaces\Toci.Ptc.Manager.Interfaces.csproj", "{09771277-001E-412E-9CBA-C9FE0B0C16C2}"
EndProject
Project("{FAE04EC0-301F-11D3-BF4B-00C04F79EFBC}") = "Toci.Ptc.Manager", "Toci.Ptc.Manager\Toci.Ptc.Manager.csproj", "{3C121C6A-4183-4061-A5D4-933A3B8E8A37}"
EndProject
Project("{FAE04EC0-301F-11D3-BF4B-00C04F79EFBC}") = "Toci.Common.Extensions", "Toci.Common.Extensions\Toci.Common.Extensions.csproj", "{CA75B16A-64DD-4D98-BCDB-6A036BD4C664}"
EndProject
Project("{FAE04EC0-301F-11D3-BF4B-00C04F79EFBC}") = "Toci.Ptc.Vs.Server.App", "Toci.Ptc.Vs.Server.App\Toci.Ptc.Vs.Server.App.csproj", "{A5FD384A-FC1A-43C4-A2CB-0BA24ECE4F8A}"
EndProject
Global
	GlobalSection(SolutionConfigurationPlatforms) = preSolution
		Debug|Any CPU = Debug|Any CPU
		Debug|x64 = Debug|x64
		Release|Any CPU = Release|Any CPU
		Release|x64 = Release|x64
	EndGlobalSection
	GlobalSection(ProjectConfigurationPlatforms) = postSolution
		{F9EE549E-E774-4C67-AB5F-FA5212D8B501}.Debug|Any CPU.ActiveCfg = Debug|Any CPU
		{F9EE549E-E774-4C67-AB5F-FA5212D8B501}.Debug|Any CPU.Build.0 = Debug|Any CPU
		{F9EE549E-E774-4C67-AB5F-FA5212D8B501}.Debug|x64.ActiveCfg = Debug|Any CPU
		{F9EE549E-E774-4C67-AB5F-FA5212D8B501}.Debug|x64.Build.0 = Debug|Any CPU
		{F9EE549E-E774-4C67-AB5F-FA5212D8B501}.Release|Any CPU.ActiveCfg = Release|Any CPU
		{F9EE549E-E774-4C67-AB5F-FA5212D8B501}.Release|Any CPU.Build.0 = Release|Any CPU
		{F9EE549E-E774-4C67-AB5F-FA5212D8B501}.Release|x64.ActiveCfg = Release|Any CPU
		{F9EE549E-E774-4C67-AB5F-FA5212D8B501}.Release|x64.Build.0 = Release|Any CPU
		{1BC98758-87AE-488E-9B2F-4E06ACC83646}.Debug|Any CPU.ActiveCfg = Debug|Any CPU
		{1BC98758-87AE-488E-9B2F-4E06ACC83646}.Debug|Any CPU.Build.0 = Debug|Any CPU
		{1BC98758-87AE-488E-9B2F-4E06ACC83646}.Debug|x64.ActiveCfg = Debug|Any CPU
		{1BC98758-87AE-488E-9B2F-4E06ACC83646}.Debug|x64.Build.0 = Debug|Any CPU
		{1BC98758-87AE-488E-9B2F-4E06ACC83646}.Release|Any CPU.ActiveCfg = Release|Any CPU
		{1BC98758-87AE-488E-9B2F-4E06ACC83646}.Release|Any CPU.Build.0 = Release|Any CPU
		{1BC98758-87AE-488E-9B2F-4E06ACC83646}.Release|x64.ActiveCfg = Release|Any CPU
		{1BC98758-87AE-488E-9B2F-4E06ACC83646}.Release|x64.Build.0 = Release|Any CPU
		{5BCC781B-0C52-4E96-BC43-8B1E02BC442B}.Debug|Any CPU.ActiveCfg = Debug|Any CPU
		{5BCC781B-0C52-4E96-BC43-8B1E02BC442B}.Debug|Any CPU.Build.0 = Debug|Any CPU
		{5BCC781B-0C52-4E96-BC43-8B1E02BC442B}.Debug|x64.ActiveCfg = Debug|Any CPU
		{5BCC781B-0C52-4E96-BC43-8B1E02BC442B}.Debug|x64.Build.0 = Debug|Any CPU
		{5BCC781B-0C52-4E96-BC43-8B1E02BC442B}.Release|Any CPU.ActiveCfg = Release|Any CPU
		{5BCC781B-0C52-4E96-BC43-8B1E02BC442B}.Release|Any CPU.Build.0 = Release|Any CPU
		{5BCC781B-0C52-4E96-BC43-8B1E02BC442B}.Release|x64.ActiveCfg = Release|Any CPU
		{5BCC781B-0C52-4E96-BC43-8B1E02BC442B}.Release|x64.Build.0 = Release|Any CPU
		{7773A028-F409-4611-88A3-2CCA4D57E8DB}.Debug|Any CPU.ActiveCfg = Debug|Any CPU
		{7773A028-F409-4611-88A3-2CCA4D57E8DB}.Debug|Any CPU.Build.0 = Debug|Any CPU
		{7773A028-F409-4611-88A3-2CCA4D57E8DB}.Debug|x64.ActiveCfg = Debug|Any CPU
		{7773A028-F409-4611-88A3-2CCA4D57E8DB}.Debug|x64.Build.0 = Debug|Any CPU
		{7773A028-F409-4611-88A3-2CCA4D57E8DB}.Release|Any CPU.ActiveCfg = Release|Any CPU
		{7773A028-F409-4611-88A3-2CCA4D57E8DB}.Release|Any CPU.Build.0 = Release|Any CPU
		{7773A028-F409-4611-88A3-2CCA4D57E8DB}.Release|x64.ActiveCfg = Release|Any CPU
		{7773A028-F409-4611-88A3-2CCA4D57E8DB}.Release|x64.Build.0 = Release|Any CPU
		{A72EB923-18EB-42A9-938E-533CFC5B15EF}.Debug|Any CPU.ActiveCfg = Debug|Any CPU
		{A72EB923-18EB-42A9-938E-533CFC5B15EF}.Debug|Any CPU.Build.0 = Debug|Any CPU
		{A72EB923-18EB-42A9-938E-533CFC5B15EF}.Debug|x64.ActiveCfg = Debug|x64
		{A72EB923-18EB-42A9-938E-533CFC5B15EF}.Debug|x64.Build.0 = Debug|x64
		{A72EB923-18EB-42A9-938E-533CFC5B15EF}.Release|Any CPU.ActiveCfg = Release|Any CPU
		{A72EB923-18EB-42A9-938E-533CFC5B15EF}.Release|Any CPU.Build.0 = Release|Any CPU
		{A72EB923-18EB-42A9-938E-533CFC5B15EF}.Release|x64.ActiveCfg = Release|x64
		{A72EB923-18EB-42A9-938E-533CFC5B15EF}.Release|x64.Build.0 = Release|x64
		{69CAD7FC-EE2B-4436-95BE-FDB0D68D9458}.Debug|Any CPU.ActiveCfg = Debug|Any CPU
		{69CAD7FC-EE2B-4436-95BE-FDB0D68D9458}.Debug|Any CPU.Build.0 = Debug|Any CPU
		{69CAD7FC-EE2B-4436-95BE-FDB0D68D9458}.Debug|x64.ActiveCfg = Debug|Any CPU
		{69CAD7FC-EE2B-4436-95BE-FDB0D68D9458}.Debug|x64.Build.0 = Debug|Any CPU
		{69CAD7FC-EE2B-4436-95BE-FDB0D68D9458}.Release|Any CPU.ActiveCfg = Release|Any CPU
		{69CAD7FC-EE2B-4436-95BE-FDB0D68D9458}.Release|Any CPU.Build.0 = Release|Any CPU
		{69CAD7FC-EE2B-4436-95BE-FDB0D68D9458}.Release|x64.ActiveCfg = Release|Any CPU
		{69CAD7FC-EE2B-4436-95BE-FDB0D68D9458}.Release|x64.Build.0 = Release|Any CPU
		{86782432-7656-499A-AA3F-D1BC8A90A81D}.Debug|Any CPU.ActiveCfg = Debug|Any CPU
		{86782432-7656-499A-AA3F-D1BC8A90A81D}.Debug|Any CPU.Build.0 = Debug|Any CPU
		{86782432-7656-499A-AA3F-D1BC8A90A81D}.Debug|x64.ActiveCfg = Debug|Any CPU
		{86782432-7656-499A-AA3F-D1BC8A90A81D}.Debug|x64.Build.0 = Debug|Any CPU
		{86782432-7656-499A-AA3F-D1BC8A90A81D}.Release|Any CPU.ActiveCfg = Release|Any CPU
		{86782432-7656-499A-AA3F-D1BC8A90A81D}.Release|Any CPU.Build.0 = Release|Any CPU
		{86782432-7656-499A-AA3F-D1BC8A90A81D}.Release|x64.ActiveCfg = Release|Any CPU
		{86782432-7656-499A-AA3F-D1BC8A90A81D}.Release|x64.Build.0 = Release|Any CPU
		{DB9DA045-8767-442C-901D-F77D4F0C69E1}.Debug|Any CPU.ActiveCfg = Debug|Any CPU
		{DB9DA045-8767-442C-901D-F77D4F0C69E1}.Debug|Any CPU.Build.0 = Debug|Any CPU
		{DB9DA045-8767-442C-901D-F77D4F0C69E1}.Debug|x64.ActiveCfg = Debug|Any CPU
		{DB9DA045-8767-442C-901D-F77D4F0C69E1}.Debug|x64.Build.0 = Debug|Any CPU
		{DB9DA045-8767-442C-901D-F77D4F0C69E1}.Release|Any CPU.ActiveCfg = Release|Any CPU
		{DB9DA045-8767-442C-901D-F77D4F0C69E1}.Release|Any CPU.Build.0 = Release|Any CPU
		{DB9DA045-8767-442C-901D-F77D4F0C69E1}.Release|x64.ActiveCfg = Release|Any CPU
		{DB9DA045-8767-442C-901D-F77D4F0C69E1}.Release|x64.Build.0 = Release|Any CPU
		{CDC32FE2-61BF-4D51-B8E7-569D06A22FD7}.Debug|Any CPU.ActiveCfg = Debug|Any CPU
		{CDC32FE2-61BF-4D51-B8E7-569D06A22FD7}.Debug|Any CPU.Build.0 = Debug|Any CPU
		{CDC32FE2-61BF-4D51-B8E7-569D06A22FD7}.Debug|x64.ActiveCfg = Debug|Any CPU
		{CDC32FE2-61BF-4D51-B8E7-569D06A22FD7}.Debug|x64.Build.0 = Debug|Any CPU
		{CDC32FE2-61BF-4D51-B8E7-569D06A22FD7}.Release|Any CPU.ActiveCfg = Release|Any CPU
		{CDC32FE2-61BF-4D51-B8E7-569D06A22FD7}.Release|Any CPU.Build.0 = Release|Any CPU
		{CDC32FE2-61BF-4D51-B8E7-569D06A22FD7}.Release|x64.ActiveCfg = Release|Any CPU
		{CDC32FE2-61BF-4D51-B8E7-569D06A22FD7}.Release|x64.Build.0 = Release|Any CPU
		{BBB037D1-7779-4DF9-B7E6-318EF128E933}.Debug|Any CPU.ActiveCfg = Debug|Any CPU
		{BBB037D1-7779-4DF9-B7E6-318EF128E933}.Debug|Any CPU.Build.0 = Debug|Any CPU
		{BBB037D1-7779-4DF9-B7E6-318EF128E933}.Debug|x64.ActiveCfg = Debug|Any CPU
		{BBB037D1-7779-4DF9-B7E6-318EF128E933}.Debug|x64.Build.0 = Debug|Any CPU
		{BBB037D1-7779-4DF9-B7E6-318EF128E933}.Release|Any CPU.ActiveCfg = Release|Any CPU
		{BBB037D1-7779-4DF9-B7E6-318EF128E933}.Release|Any CPU.Build.0 = Release|Any CPU
		{BBB037D1-7779-4DF9-B7E6-318EF128E933}.Release|x64.ActiveCfg = Release|Any CPU
		{BBB037D1-7779-4DF9-B7E6-318EF128E933}.Release|x64.Build.0 = Release|Any CPU
		{77E05E9F-D76D-4AF0-997C-E1A98455243B}.Debug|Any CPU.ActiveCfg = Debug|Any CPU
		{77E05E9F-D76D-4AF0-997C-E1A98455243B}.Debug|Any CPU.Build.0 = Debug|Any CPU
		{77E05E9F-D76D-4AF0-997C-E1A98455243B}.Debug|x64.ActiveCfg = Debug|Any CPU
		{77E05E9F-D76D-4AF0-997C-E1A98455243B}.Debug|x64.Build.0 = Debug|Any CPU
		{77E05E9F-D76D-4AF0-997C-E1A98455243B}.Release|Any CPU.ActiveCfg = Release|Any CPU
		{77E05E9F-D76D-4AF0-997C-E1A98455243B}.Release|Any CPU.Build.0 = Release|Any CPU
		{77E05E9F-D76D-4AF0-997C-E1A98455243B}.Release|x64.ActiveCfg = Release|Any CPU
		{77E05E9F-D76D-4AF0-997C-E1A98455243B}.Release|x64.Build.0 = Release|Any CPU
		{FC6670A4-5F00-401D-9C90-544BA5F4A46D}.Debug|Any CPU.ActiveCfg = Debug|Any CPU
		{FC6670A4-5F00-401D-9C90-544BA5F4A46D}.Debug|Any CPU.Build.0 = Debug|Any CPU
		{FC6670A4-5F00-401D-9C90-544BA5F4A46D}.Debug|x64.ActiveCfg = Debug|Any CPU
		{FC6670A4-5F00-401D-9C90-544BA5F4A46D}.Debug|x64.Build.0 = Debug|Any CPU
		{FC6670A4-5F00-401D-9C90-544BA5F4A46D}.Release|Any CPU.ActiveCfg = Release|Any CPU
		{FC6670A4-5F00-401D-9C90-544BA5F4A46D}.Release|Any CPU.Build.0 = Release|Any CPU
		{FC6670A4-5F00-401D-9C90-544BA5F4A46D}.Release|x64.ActiveCfg = Release|Any CPU
		{FC6670A4-5F00-401D-9C90-544BA5F4A46D}.Release|x64.Build.0 = Release|Any CPU
		{13BB3173-2BFF-41E1-8B06-F73C4457B155}.Debug|Any CPU.ActiveCfg = Debug|Any CPU
		{13BB3173-2BFF-41E1-8B06-F73C4457B155}.Debug|Any CPU.Build.0 = Debug|Any CPU
		{13BB3173-2BFF-41E1-8B06-F73C4457B155}.Debug|x64.ActiveCfg = Debug|Any CPU
		{13BB3173-2BFF-41E1-8B06-F73C4457B155}.Debug|x64.Build.0 = Debug|Any CPU
		{13BB3173-2BFF-41E1-8B06-F73C4457B155}.Release|Any CPU.ActiveCfg = Release|Any CPU
		{13BB3173-2BFF-41E1-8B06-F73C4457B155}.Release|Any CPU.Build.0 = Release|Any CPU
		{13BB3173-2BFF-41E1-8B06-F73C4457B155}.Release|x64.ActiveCfg = Release|Any CPU
		{13BB3173-2BFF-41E1-8B06-F73C4457B155}.Release|x64.Build.0 = Release|Any CPU
		{DFD722D9-1500-422D-B95F-CC301AB35FE8}.Debug|Any CPU.ActiveCfg = Debug|Any CPU
		{DFD722D9-1500-422D-B95F-CC301AB35FE8}.Debug|Any CPU.Build.0 = Debug|Any CPU
		{DFD722D9-1500-422D-B95F-CC301AB35FE8}.Debug|x64.ActiveCfg = Debug|Any CPU
		{DFD722D9-1500-422D-B95F-CC301AB35FE8}.Debug|x64.Build.0 = Debug|Any CPU
		{DFD722D9-1500-422D-B95F-CC301AB35FE8}.Release|Any CPU.ActiveCfg = Release|Any CPU
		{DFD722D9-1500-422D-B95F-CC301AB35FE8}.Release|Any CPU.Build.0 = Release|Any CPU
		{DFD722D9-1500-422D-B95F-CC301AB35FE8}.Release|x64.ActiveCfg = Release|Any CPU
		{DFD722D9-1500-422D-B95F-CC301AB35FE8}.Release|x64.Build.0 = Release|Any CPU
		{E18E9834-6F28-48B6-81C8-A7AA4CC365C1}.Debug|Any CPU.ActiveCfg = Debug|Any CPU
		{E18E9834-6F28-48B6-81C8-A7AA4CC365C1}.Debug|Any CPU.Build.0 = Debug|Any CPU
		{E18E9834-6F28-48B6-81C8-A7AA4CC365C1}.Debug|x64.ActiveCfg = Debug|Any CPU
		{E18E9834-6F28-48B6-81C8-A7AA4CC365C1}.Debug|x64.Build.0 = Debug|Any CPU
		{E18E9834-6F28-48B6-81C8-A7AA4CC365C1}.Release|Any CPU.ActiveCfg = Release|Any CPU
		{E18E9834-6F28-48B6-81C8-A7AA4CC365C1}.Release|Any CPU.Build.0 = Release|Any CPU
		{E18E9834-6F28-48B6-81C8-A7AA4CC365C1}.Release|x64.ActiveCfg = Release|Any CPU
		{E18E9834-6F28-48B6-81C8-A7AA4CC365C1}.Release|x64.Build.0 = Release|Any CPU
		{92306387-89E7-47E5-8253-E6F3B4F3E428}.Debug|Any CPU.ActiveCfg = Debug|Any CPU
		{92306387-89E7-47E5-8253-E6F3B4F3E428}.Debug|Any CPU.Build.0 = Debug|Any CPU
		{92306387-89E7-47E5-8253-E6F3B4F3E428}.Debug|x64.ActiveCfg = Debug|Any CPU
		{92306387-89E7-47E5-8253-E6F3B4F3E428}.Debug|x64.Build.0 = Debug|Any CPU
		{92306387-89E7-47E5-8253-E6F3B4F3E428}.Release|Any CPU.ActiveCfg = Release|Any CPU
		{92306387-89E7-47E5-8253-E6F3B4F3E428}.Release|Any CPU.Build.0 = Release|Any CPU
		{92306387-89E7-47E5-8253-E6F3B4F3E428}.Release|x64.ActiveCfg = Release|Any CPU
		{92306387-89E7-47E5-8253-E6F3B4F3E428}.Release|x64.Build.0 = Release|Any CPU
		{5C40FDBC-FD89-4080-BFBC-FEE81AC53A01}.Debug|Any CPU.ActiveCfg = Debug|Any CPU
		{5C40FDBC-FD89-4080-BFBC-FEE81AC53A01}.Debug|Any CPU.Build.0 = Debug|Any CPU
		{5C40FDBC-FD89-4080-BFBC-FEE81AC53A01}.Debug|x64.ActiveCfg = Debug|Any CPU
		{5C40FDBC-FD89-4080-BFBC-FEE81AC53A01}.Debug|x64.Build.0 = Debug|Any CPU
		{5C40FDBC-FD89-4080-BFBC-FEE81AC53A01}.Release|Any CPU.ActiveCfg = Release|Any CPU
		{5C40FDBC-FD89-4080-BFBC-FEE81AC53A01}.Release|Any CPU.Build.0 = Release|Any CPU
		{5C40FDBC-FD89-4080-BFBC-FEE81AC53A01}.Release|x64.ActiveCfg = Release|Any CPU
		{5C40FDBC-FD89-4080-BFBC-FEE81AC53A01}.Release|x64.Build.0 = Release|Any CPU
		{C1115FFE-6885-4FB9-9F9E-4EE88178A864}.Debug|Any CPU.ActiveCfg = Debug|Any CPU
		{C1115FFE-6885-4FB9-9F9E-4EE88178A864}.Debug|Any CPU.Build.0 = Debug|Any CPU
		{C1115FFE-6885-4FB9-9F9E-4EE88178A864}.Debug|x64.ActiveCfg = Debug|Any CPU
		{C1115FFE-6885-4FB9-9F9E-4EE88178A864}.Debug|x64.Build.0 = Debug|Any CPU
		{C1115FFE-6885-4FB9-9F9E-4EE88178A864}.Release|Any CPU.ActiveCfg = Release|Any CPU
		{C1115FFE-6885-4FB9-9F9E-4EE88178A864}.Release|Any CPU.Build.0 = Release|Any CPU
		{C1115FFE-6885-4FB9-9F9E-4EE88178A864}.Release|x64.ActiveCfg = Release|Any CPU
		{C1115FFE-6885-4FB9-9F9E-4EE88178A864}.Release|x64.Build.0 = Release|Any CPU
		{480B3504-6497-43D8-9F9F-CCBBC5F230C0}.Debug|Any CPU.ActiveCfg = Debug|Any CPU
		{480B3504-6497-43D8-9F9F-CCBBC5F230C0}.Debug|Any CPU.Build.0 = Debug|Any CPU
		{480B3504-6497-43D8-9F9F-CCBBC5F230C0}.Debug|x64.ActiveCfg = Debug|Any CPU
		{480B3504-6497-43D8-9F9F-CCBBC5F230C0}.Debug|x64.Build.0 = Debug|Any CPU
		{480B3504-6497-43D8-9F9F-CCBBC5F230C0}.Release|Any CPU.ActiveCfg = Release|Any CPU
		{480B3504-6497-43D8-9F9F-CCBBC5F230C0}.Release|Any CPU.Build.0 = Release|Any CPU
		{480B3504-6497-43D8-9F9F-CCBBC5F230C0}.Release|x64.ActiveCfg = Release|Any CPU
		{480B3504-6497-43D8-9F9F-CCBBC5F230C0}.Release|x64.Build.0 = Release|Any CPU
		{7247629D-ACEE-4164-93A4-68F8A8B2ED85}.Debug|Any CPU.ActiveCfg = Debug|Any CPU
		{7247629D-ACEE-4164-93A4-68F8A8B2ED85}.Debug|Any CPU.Build.0 = Debug|Any CPU
		{7247629D-ACEE-4164-93A4-68F8A8B2ED85}.Debug|x64.ActiveCfg = Debug|Any CPU
		{7247629D-ACEE-4164-93A4-68F8A8B2ED85}.Debug|x64.Build.0 = Debug|Any CPU
		{7247629D-ACEE-4164-93A4-68F8A8B2ED85}.Release|Any CPU.ActiveCfg = Release|Any CPU
		{7247629D-ACEE-4164-93A4-68F8A8B2ED85}.Release|Any CPU.Build.0 = Release|Any CPU
		{7247629D-ACEE-4164-93A4-68F8A8B2ED85}.Release|x64.ActiveCfg = Release|Any CPU
		{7247629D-ACEE-4164-93A4-68F8A8B2ED85}.Release|x64.Build.0 = Release|Any CPU
		{CC43867E-3ECC-48DB-A548-35CC45E75404}.Debug|Any CPU.ActiveCfg = Debug|Any CPU
		{CC43867E-3ECC-48DB-A548-35CC45E75404}.Debug|Any CPU.Build.0 = Debug|Any CPU
		{CC43867E-3ECC-48DB-A548-35CC45E75404}.Debug|x64.ActiveCfg = Debug|Any CPU
		{CC43867E-3ECC-48DB-A548-35CC45E75404}.Debug|x64.Build.0 = Debug|Any CPU
		{CC43867E-3ECC-48DB-A548-35CC45E75404}.Release|Any CPU.ActiveCfg = Release|Any CPU
		{CC43867E-3ECC-48DB-A548-35CC45E75404}.Release|Any CPU.Build.0 = Release|Any CPU
		{CC43867E-3ECC-48DB-A548-35CC45E75404}.Release|x64.ActiveCfg = Release|Any CPU
		{CC43867E-3ECC-48DB-A548-35CC45E75404}.Release|x64.Build.0 = Release|Any CPU
		{47A08B13-FC37-46F4-9CC2-871207AA9B2C}.Debug|Any CPU.ActiveCfg = Debug|Any CPU
		{47A08B13-FC37-46F4-9CC2-871207AA9B2C}.Debug|Any CPU.Build.0 = Debug|Any CPU
		{47A08B13-FC37-46F4-9CC2-871207AA9B2C}.Debug|x64.ActiveCfg = Debug|Any CPU
		{47A08B13-FC37-46F4-9CC2-871207AA9B2C}.Debug|x64.Build.0 = Debug|Any CPU
		{47A08B13-FC37-46F4-9CC2-871207AA9B2C}.Release|Any CPU.ActiveCfg = Release|Any CPU
		{47A08B13-FC37-46F4-9CC2-871207AA9B2C}.Release|Any CPU.Build.0 = Release|Any CPU
		{47A08B13-FC37-46F4-9CC2-871207AA9B2C}.Release|x64.ActiveCfg = Release|Any CPU
		{47A08B13-FC37-46F4-9CC2-871207AA9B2C}.Release|x64.Build.0 = Release|Any CPU
		{BE667369-9AF6-4D0F-BD59-F58E0D5EC6DA}.Debug|Any CPU.ActiveCfg = Debug|Any CPU
		{BE667369-9AF6-4D0F-BD59-F58E0D5EC6DA}.Debug|Any CPU.Build.0 = Debug|Any CPU
		{BE667369-9AF6-4D0F-BD59-F58E0D5EC6DA}.Debug|x64.ActiveCfg = Debug|Any CPU
		{BE667369-9AF6-4D0F-BD59-F58E0D5EC6DA}.Debug|x64.Build.0 = Debug|Any CPU
		{BE667369-9AF6-4D0F-BD59-F58E0D5EC6DA}.Release|Any CPU.ActiveCfg = Release|Any CPU
		{BE667369-9AF6-4D0F-BD59-F58E0D5EC6DA}.Release|Any CPU.Build.0 = Release|Any CPU
		{BE667369-9AF6-4D0F-BD59-F58E0D5EC6DA}.Release|x64.ActiveCfg = Release|Any CPU
		{BE667369-9AF6-4D0F-BD59-F58E0D5EC6DA}.Release|x64.Build.0 = Release|Any CPU
		{50BF82E9-8557-4B70-A746-61E45D269BCC}.Debug|Any CPU.ActiveCfg = Debug|Any CPU
		{50BF82E9-8557-4B70-A746-61E45D269BCC}.Debug|Any CPU.Build.0 = Debug|Any CPU
		{50BF82E9-8557-4B70-A746-61E45D269BCC}.Debug|x64.ActiveCfg = Debug|Any CPU
		{50BF82E9-8557-4B70-A746-61E45D269BCC}.Debug|x64.Build.0 = Debug|Any CPU
		{50BF82E9-8557-4B70-A746-61E45D269BCC}.Release|Any CPU.ActiveCfg = Release|Any CPU
		{50BF82E9-8557-4B70-A746-61E45D269BCC}.Release|Any CPU.Build.0 = Release|Any CPU
		{50BF82E9-8557-4B70-A746-61E45D269BCC}.Release|x64.ActiveCfg = Release|Any CPU
		{50BF82E9-8557-4B70-A746-61E45D269BCC}.Release|x64.Build.0 = Release|Any CPU
		{490BE03C-BB02-4ABD-8ADC-EFD818835D08}.Debug|Any CPU.ActiveCfg = Debug|Any CPU
		{490BE03C-BB02-4ABD-8ADC-EFD818835D08}.Debug|Any CPU.Build.0 = Debug|Any CPU
		{490BE03C-BB02-4ABD-8ADC-EFD818835D08}.Debug|x64.ActiveCfg = Debug|Any CPU
		{490BE03C-BB02-4ABD-8ADC-EFD818835D08}.Debug|x64.Build.0 = Debug|Any CPU
		{490BE03C-BB02-4ABD-8ADC-EFD818835D08}.Release|Any CPU.ActiveCfg = Release|Any CPU
		{490BE03C-BB02-4ABD-8ADC-EFD818835D08}.Release|Any CPU.Build.0 = Release|Any CPU
		{490BE03C-BB02-4ABD-8ADC-EFD818835D08}.Release|x64.ActiveCfg = Release|Any CPU
		{490BE03C-BB02-4ABD-8ADC-EFD818835D08}.Release|x64.Build.0 = Release|Any CPU
		{D092D351-B3EA-4F1B-910F-9D8C65A8EEA2}.Debug|Any CPU.ActiveCfg = Debug|Any CPU
		{D092D351-B3EA-4F1B-910F-9D8C65A8EEA2}.Debug|Any CPU.Build.0 = Debug|Any CPU
		{D092D351-B3EA-4F1B-910F-9D8C65A8EEA2}.Debug|x64.ActiveCfg = Debug|Any CPU
		{D092D351-B3EA-4F1B-910F-9D8C65A8EEA2}.Debug|x64.Build.0 = Debug|Any CPU
		{D092D351-B3EA-4F1B-910F-9D8C65A8EEA2}.Release|Any CPU.ActiveCfg = Release|Any CPU
		{D092D351-B3EA-4F1B-910F-9D8C65A8EEA2}.Release|Any CPU.Build.0 = Release|Any CPU
		{D092D351-B3EA-4F1B-910F-9D8C65A8EEA2}.Release|x64.ActiveCfg = Release|Any CPU
		{D092D351-B3EA-4F1B-910F-9D8C65A8EEA2}.Release|x64.Build.0 = Release|Any CPU
		{3415C2DC-8091-4F46-975A-DF8079C8128C}.Debug|Any CPU.ActiveCfg = Debug|Any CPU
		{3415C2DC-8091-4F46-975A-DF8079C8128C}.Debug|Any CPU.Build.0 = Debug|Any CPU
		{3415C2DC-8091-4F46-975A-DF8079C8128C}.Debug|x64.ActiveCfg = Debug|Any CPU
		{3415C2DC-8091-4F46-975A-DF8079C8128C}.Debug|x64.Build.0 = Debug|Any CPU
		{3415C2DC-8091-4F46-975A-DF8079C8128C}.Release|Any CPU.ActiveCfg = Release|Any CPU
		{3415C2DC-8091-4F46-975A-DF8079C8128C}.Release|Any CPU.Build.0 = Release|Any CPU
		{3415C2DC-8091-4F46-975A-DF8079C8128C}.Release|x64.ActiveCfg = Release|Any CPU
		{3415C2DC-8091-4F46-975A-DF8079C8128C}.Release|x64.Build.0 = Release|Any CPU
		{F5C9D871-9B9F-4007-B2D6-215598A83898}.Debug|Any CPU.ActiveCfg = Debug|Any CPU
		{F5C9D871-9B9F-4007-B2D6-215598A83898}.Debug|Any CPU.Build.0 = Debug|Any CPU
		{F5C9D871-9B9F-4007-B2D6-215598A83898}.Debug|x64.ActiveCfg = Debug|Any CPU
		{F5C9D871-9B9F-4007-B2D6-215598A83898}.Debug|x64.Build.0 = Debug|Any CPU
		{F5C9D871-9B9F-4007-B2D6-215598A83898}.Release|Any CPU.ActiveCfg = Release|Any CPU
		{F5C9D871-9B9F-4007-B2D6-215598A83898}.Release|Any CPU.Build.0 = Release|Any CPU
		{F5C9D871-9B9F-4007-B2D6-215598A83898}.Release|x64.ActiveCfg = Release|Any CPU
		{F5C9D871-9B9F-4007-B2D6-215598A83898}.Release|x64.Build.0 = Release|Any CPU
		{53CDAE05-C965-47E2-B5A9-92668E49EC0D}.Debug|Any CPU.ActiveCfg = Debug|Any CPU
		{53CDAE05-C965-47E2-B5A9-92668E49EC0D}.Debug|Any CPU.Build.0 = Debug|Any CPU
		{53CDAE05-C965-47E2-B5A9-92668E49EC0D}.Debug|x64.ActiveCfg = Debug|Any CPU
		{53CDAE05-C965-47E2-B5A9-92668E49EC0D}.Debug|x64.Build.0 = Debug|Any CPU
		{53CDAE05-C965-47E2-B5A9-92668E49EC0D}.Release|Any CPU.ActiveCfg = Release|Any CPU
		{53CDAE05-C965-47E2-B5A9-92668E49EC0D}.Release|Any CPU.Build.0 = Release|Any CPU
		{53CDAE05-C965-47E2-B5A9-92668E49EC0D}.Release|x64.ActiveCfg = Release|Any CPU
		{53CDAE05-C965-47E2-B5A9-92668E49EC0D}.Release|x64.Build.0 = Release|Any CPU
		{1266DAD6-454D-4D24-98C0-E8793D7BA1AE}.Debug|Any CPU.ActiveCfg = Debug|Any CPU
		{1266DAD6-454D-4D24-98C0-E8793D7BA1AE}.Debug|Any CPU.Build.0 = Debug|Any CPU
		{1266DAD6-454D-4D24-98C0-E8793D7BA1AE}.Debug|x64.ActiveCfg = Debug|Any CPU
		{1266DAD6-454D-4D24-98C0-E8793D7BA1AE}.Debug|x64.Build.0 = Debug|Any CPU
		{1266DAD6-454D-4D24-98C0-E8793D7BA1AE}.Release|Any CPU.ActiveCfg = Release|Any CPU
		{1266DAD6-454D-4D24-98C0-E8793D7BA1AE}.Release|Any CPU.Build.0 = Release|Any CPU
		{1266DAD6-454D-4D24-98C0-E8793D7BA1AE}.Release|x64.ActiveCfg = Release|Any CPU
		{1266DAD6-454D-4D24-98C0-E8793D7BA1AE}.Release|x64.Build.0 = Release|Any CPU
		{89EAA26F-CC2F-45CF-9313-FB6D1619E824}.Debug|Any CPU.ActiveCfg = Debug|Any CPU
		{89EAA26F-CC2F-45CF-9313-FB6D1619E824}.Debug|Any CPU.Build.0 = Debug|Any CPU
		{89EAA26F-CC2F-45CF-9313-FB6D1619E824}.Debug|x64.ActiveCfg = Debug|Any CPU
		{89EAA26F-CC2F-45CF-9313-FB6D1619E824}.Debug|x64.Build.0 = Debug|Any CPU
		{89EAA26F-CC2F-45CF-9313-FB6D1619E824}.Release|Any CPU.ActiveCfg = Release|Any CPU
		{89EAA26F-CC2F-45CF-9313-FB6D1619E824}.Release|Any CPU.Build.0 = Release|Any CPU
		{89EAA26F-CC2F-45CF-9313-FB6D1619E824}.Release|x64.ActiveCfg = Release|Any CPU
		{89EAA26F-CC2F-45CF-9313-FB6D1619E824}.Release|x64.Build.0 = Release|Any CPU
		{09771277-001E-412E-9CBA-C9FE0B0C16C2}.Debug|Any CPU.ActiveCfg = Debug|Any CPU
		{09771277-001E-412E-9CBA-C9FE0B0C16C2}.Debug|Any CPU.Build.0 = Debug|Any CPU
		{09771277-001E-412E-9CBA-C9FE0B0C16C2}.Debug|x64.ActiveCfg = Debug|Any CPU
		{09771277-001E-412E-9CBA-C9FE0B0C16C2}.Debug|x64.Build.0 = Debug|Any CPU
		{09771277-001E-412E-9CBA-C9FE0B0C16C2}.Release|Any CPU.ActiveCfg = Release|Any CPU
		{09771277-001E-412E-9CBA-C9FE0B0C16C2}.Release|Any CPU.Build.0 = Release|Any CPU
		{09771277-001E-412E-9CBA-C9FE0B0C16C2}.Release|x64.ActiveCfg = Release|Any CPU
		{09771277-001E-412E-9CBA-C9FE0B0C16C2}.Release|x64.Build.0 = Release|Any CPU
		{3C121C6A-4183-4061-A5D4-933A3B8E8A37}.Debug|Any CPU.ActiveCfg = Debug|Any CPU
		{3C121C6A-4183-4061-A5D4-933A3B8E8A37}.Debug|Any CPU.Build.0 = Debug|Any CPU
		{3C121C6A-4183-4061-A5D4-933A3B8E8A37}.Debug|x64.ActiveCfg = Debug|Any CPU
		{3C121C6A-4183-4061-A5D4-933A3B8E8A37}.Debug|x64.Build.0 = Debug|Any CPU
		{3C121C6A-4183-4061-A5D4-933A3B8E8A37}.Release|Any CPU.ActiveCfg = Release|Any CPU
		{3C121C6A-4183-4061-A5D4-933A3B8E8A37}.Release|Any CPU.Build.0 = Release|Any CPU
		{3C121C6A-4183-4061-A5D4-933A3B8E8A37}.Release|x64.ActiveCfg = Release|Any CPU
		{3C121C6A-4183-4061-A5D4-933A3B8E8A37}.Release|x64.Build.0 = Release|Any CPU
		{CA75B16A-64DD-4D98-BCDB-6A036BD4C664}.Debug|Any CPU.ActiveCfg = Debug|Any CPU
		{CA75B16A-64DD-4D98-BCDB-6A036BD4C664}.Debug|Any CPU.Build.0 = Debug|Any CPU
		{CA75B16A-64DD-4D98-BCDB-6A036BD4C664}.Debug|x64.ActiveCfg = Debug|Any CPU
		{CA75B16A-64DD-4D98-BCDB-6A036BD4C664}.Debug|x64.Build.0 = Debug|Any CPU
		{CA75B16A-64DD-4D98-BCDB-6A036BD4C664}.Release|Any CPU.ActiveCfg = Release|Any CPU
		{CA75B16A-64DD-4D98-BCDB-6A036BD4C664}.Release|Any CPU.Build.0 = Release|Any CPU
		{CA75B16A-64DD-4D98-BCDB-6A036BD4C664}.Release|x64.ActiveCfg = Release|Any CPU
		{CA75B16A-64DD-4D98-BCDB-6A036BD4C664}.Release|x64.Build.0 = Release|Any CPU
		{A5FD384A-FC1A-43C4-A2CB-0BA24ECE4F8A}.Debug|Any CPU.ActiveCfg = Debug|Any CPU
		{A5FD384A-FC1A-43C4-A2CB-0BA24ECE4F8A}.Debug|Any CPU.Build.0 = Debug|Any CPU
		{A5FD384A-FC1A-43C4-A2CB-0BA24ECE4F8A}.Debug|x64.ActiveCfg = Debug|Any CPU
		{A5FD384A-FC1A-43C4-A2CB-0BA24ECE4F8A}.Debug|x64.Build.0 = Debug|Any CPU
		{A5FD384A-FC1A-43C4-A2CB-0BA24ECE4F8A}.Release|Any CPU.ActiveCfg = Release|Any CPU
		{A5FD384A-FC1A-43C4-A2CB-0BA24ECE4F8A}.Release|Any CPU.Build.0 = Release|Any CPU
		{A5FD384A-FC1A-43C4-A2CB-0BA24ECE4F8A}.Release|x64.ActiveCfg = Release|Any CPU
		{A5FD384A-FC1A-43C4-A2CB-0BA24ECE4F8A}.Release|x64.Build.0 = Release|Any CPU
	EndGlobalSection
	GlobalSection(SolutionProperties) = preSolution
		HideSolutionNode = FALSE
	EndGlobalSection
	GlobalSection(NestedProjects) = preSolution
		{B84A6007-02A1-47F1-A9EF-CABA9A80833B} = {6FF7BA71-B302-495E-A2BB-4EDDC2C83E54}
		{7445A02E-33F9-4EDD-8F0B-7CD203C3B147} = {B84A6007-02A1-47F1-A9EF-CABA9A80833B}
		{63183E3E-79EB-4A9D-82E3-24C7DBAB77A9} = {B84A6007-02A1-47F1-A9EF-CABA9A80833B}
		{86782432-7656-499A-AA3F-D1BC8A90A81D} = {B4E60EB0-EDBC-4CF2-BD17-486F9019B9F5}
		{DB9DA045-8767-442C-901D-F77D4F0C69E1} = {B4E60EB0-EDBC-4CF2-BD17-486F9019B9F5}
		{CDC32FE2-61BF-4D51-B8E7-569D06A22FD7} = {B4E60EB0-EDBC-4CF2-BD17-486F9019B9F5}
		{BBB037D1-7779-4DF9-B7E6-318EF128E933} = {B4E60EB0-EDBC-4CF2-BD17-486F9019B9F5}
		{77E05E9F-D76D-4AF0-997C-E1A98455243B} = {B4E60EB0-EDBC-4CF2-BD17-486F9019B9F5}
		{FC6670A4-5F00-401D-9C90-544BA5F4A46D} = {B4E60EB0-EDBC-4CF2-BD17-486F9019B9F5}
		{13BB3173-2BFF-41E1-8B06-F73C4457B155} = {B4E60EB0-EDBC-4CF2-BD17-486F9019B9F5}
		{DFD722D9-1500-422D-B95F-CC301AB35FE8} = {B4E60EB0-EDBC-4CF2-BD17-486F9019B9F5}
		{E18E9834-6F28-48B6-81C8-A7AA4CC365C1} = {B4E60EB0-EDBC-4CF2-BD17-486F9019B9F5}
		{92306387-89E7-47E5-8253-E6F3B4F3E428} = {B4E60EB0-EDBC-4CF2-BD17-486F9019B9F5}
		{5C40FDBC-FD89-4080-BFBC-FEE81AC53A01} = {B4E60EB0-EDBC-4CF2-BD17-486F9019B9F5}
		{C1115FFE-6885-4FB9-9F9E-4EE88178A864} = {B4E60EB0-EDBC-4CF2-BD17-486F9019B9F5}
		{480B3504-6497-43D8-9F9F-CCBBC5F230C0} = {B4E60EB0-EDBC-4CF2-BD17-486F9019B9F5}
		{7247629D-ACEE-4164-93A4-68F8A8B2ED85} = {B4E60EB0-EDBC-4CF2-BD17-486F9019B9F5}
		{CC43867E-3ECC-48DB-A548-35CC45E75404} = {B4E60EB0-EDBC-4CF2-BD17-486F9019B9F5}
		{FD37A4BD-8A56-4A75-83D0-C26FC3B988E0} = {E00027AE-06F3-478C-9454-E7DB25EC87AD}
		{58E8E04B-5CA8-4AC5-97FD-BB0EEB3093A7} = {E00027AE-06F3-478C-9454-E7DB25EC87AD}
		{47A08B13-FC37-46F4-9CC2-871207AA9B2C} = {58E8E04B-5CA8-4AC5-97FD-BB0EEB3093A7}
		{BE667369-9AF6-4D0F-BD59-F58E0D5EC6DA} = {58E8E04B-5CA8-4AC5-97FD-BB0EEB3093A7}
		{50BF82E9-8557-4B70-A746-61E45D269BCC} = {FD37A4BD-8A56-4A75-83D0-C26FC3B988E0}
		{490BE03C-BB02-4ABD-8ADC-EFD818835D08} = {FD37A4BD-8A56-4A75-83D0-C26FC3B988E0}
		{7CBD804B-7005-4067-9F9D-5F7670B73A5C} = {E00027AE-06F3-478C-9454-E7DB25EC87AD}
		{D092D351-B3EA-4F1B-910F-9D8C65A8EEA2} = {7CBD804B-7005-4067-9F9D-5F7670B73A5C}
		{3415C2DC-8091-4F46-975A-DF8079C8128C} = {7CBD804B-7005-4067-9F9D-5F7670B73A5C}
		{F5C9D871-9B9F-4007-B2D6-215598A83898} = {7CBD804B-7005-4067-9F9D-5F7670B73A5C}
		{53CDAE05-C965-47E2-B5A9-92668E49EC0D} = {7CBD804B-7005-4067-9F9D-5F7670B73A5C}
		{1266DAD6-454D-4D24-98C0-E8793D7BA1AE} = {7CBD804B-7005-4067-9F9D-5F7670B73A5C}
		{89EAA26F-CC2F-45CF-9313-FB6D1619E824} = {7CBD804B-7005-4067-9F9D-5F7670B73A5C}
		{89679AD6-D96C-4AAF-AE32-0B514587A6E3} = {E00027AE-06F3-478C-9454-E7DB25EC87AD}
		{09771277-001E-412E-9CBA-C9FE0B0C16C2} = {89679AD6-D96C-4AAF-AE32-0B514587A6E3}
		{3C121C6A-4183-4061-A5D4-933A3B8E8A37} = {89679AD6-D96C-4AAF-AE32-0B514587A6E3}
		{CA75B16A-64DD-4D98-BCDB-6A036BD4C664} = {E00027AE-06F3-478C-9454-E7DB25EC87AD}
		{A5FD384A-FC1A-43C4-A2CB-0BA24ECE4F8A} = {7CBD804B-7005-4067-9F9D-5F7670B73A5C}
	EndGlobalSection
EndGlobal
