
Microsoft Visual Studio Solution File, Format Version 12.00
# Visual Studio 15
VisualStudioVersion = 15.0.26430.6
MinimumVisualStudioVersion = 10.0.40219.1
Project("{FAE04EC0-301F-11D3-BF4B-00C04F79EFBC}") = "TeamCoding", "TeamCoding\TeamCoding.csproj", "{F9EE549E-E774-4C67-AB5F-FA5212D8B501}"
EndProject
Project("{2150E333-8FDC-42A3-9474-1A3956D46DE8}") = "Solution Items", "Solution Items", "{6FF7BA71-B302-495E-A2BB-4EDDC2C83E54}"
	ProjectSection(SolutionItems) = preProject
		appveyor.yml = appveyor.yml
		CONTRIBUTING.md = CONTRIBUTING.md
		ISSUE_TEMPLATE.md = ISSUE_TEMPLATE.md
		License.txt = License.txt
		readme.md = readme.md
		Settings.md = Settings.md
	EndProjectSection
EndProject
Project("{FAE04EC0-301F-11D3-BF4B-00C04F79EFBC}") = "TeamCoding.v14", "TeamCoding.v14\TeamCoding.v14.csproj", "{1BC98758-87AE-488E-9B2F-4E06ACC83646}"
EndProject
Project("{FAE04EC0-301F-11D3-BF4B-00C04F79EFBC}") = "TeamCoding.v15", "TeamCoding.v15\TeamCoding.v15.csproj", "{5BCC781B-0C52-4E96-BC43-8B1E02BC442B}"
EndProject
Project("{2150E333-8FDC-42A3-9474-1A3956D46DE8}") = "References", "References", "{B84A6007-02A1-47F1-A9EF-CABA9A80833B}"
EndProject
Project("{2150E333-8FDC-42A3-9474-1A3956D46DE8}") = "v14", "v14", "{7445A02E-33F9-4EDD-8F0B-7CD203C3B147}"
	ProjectSection(SolutionItems) = preProject
		References\v14\Microsoft.Alm.Shared.dll = References\v14\Microsoft.Alm.Shared.dll
		References\v14\Microsoft.TeamFoundation.CodeSense.Client.Common.dll = References\v14\Microsoft.TeamFoundation.CodeSense.Client.Common.dll
		References\v14\Microsoft.VisualStudio.Alm.Shared.CodeAnalysisClient.dll = References\v14\Microsoft.VisualStudio.Alm.Shared.CodeAnalysisClient.dll
		References\v14\Microsoft.VisualStudio.Alm.Shared.dll = References\v14\Microsoft.VisualStudio.Alm.Shared.dll
		References\v14\Microsoft.VisualStudio.CodeSense.Client.Common.dll = References\v14\Microsoft.VisualStudio.CodeSense.Client.Common.dll
		References\v14\Microsoft.VisualStudio.CodeSense.dll = References\v14\Microsoft.VisualStudio.CodeSense.dll
		References\v14\Microsoft.VisualStudio.CodeSense.Roslyn.dll = References\v14\Microsoft.VisualStudio.CodeSense.Roslyn.dll
		References\v14\Microsoft.VisualStudio.Text.Internal.dll = References\v14\Microsoft.VisualStudio.Text.Internal.dll
	EndProjectSection
EndProject
Project("{2150E333-8FDC-42A3-9474-1A3956D46DE8}") = "v15", "v15", "{63183E3E-79EB-4A9D-82E3-24C7DBAB77A9}"
	ProjectSection(SolutionItems) = preProject
		References\v15\Microsoft.Alm.Shared.dll = References\v15\Microsoft.Alm.Shared.dll
		References\v15\Microsoft.TeamFoundation.CodeSense.Client.Common.dll = References\v15\Microsoft.TeamFoundation.CodeSense.Client.Common.dll
		References\v15\Microsoft.VisualStudio.Alm.Shared.dll = References\v15\Microsoft.VisualStudio.Alm.Shared.dll
		References\v15\Microsoft.VisualStudio.CodeSense.Client.Common.dll = References\v15\Microsoft.VisualStudio.CodeSense.Client.Common.dll
		References\v15\Microsoft.VisualStudio.CodeSense.dll = References\v15\Microsoft.VisualStudio.CodeSense.dll
		References\v15\Microsoft.VisualStudio.CodeSense.Roslyn.dll = References\v15\Microsoft.VisualStudio.CodeSense.Roslyn.dll
		References\v15\Microsoft.VisualStudio.Text.Internal.dll = References\v15\Microsoft.VisualStudio.Text.Internal.dll
	EndProjectSection
EndProject
Project("{FAE04EC0-301F-11D3-BF4B-00C04F79EFBC}") = "TeamCoding.WindowsService", "TeamCoding.WindowsService\TeamCoding.WindowsService.csproj", "{7773A028-F409-4611-88A3-2CCA4D57E8DB}"
EndProject
Project("{FAE04EC0-301F-11D3-BF4B-00C04F79EFBC}") = "TeamCoding.Shared", "TeamCoding.Shared\TeamCoding.Shared.csproj", "{A72EB923-18EB-42A9-938E-533CFC5B15EF}"
EndProject
Project("{FAE04EC0-301F-11D3-BF4B-00C04F79EFBC}") = "Toci.TeamCoding.Tests", "TeamCoding.Tests\Toci.TeamCoding.Tests.csproj", "{69CAD7FC-EE2B-4436-95BE-FDB0D68D9458}"
EndProject
Project("{2150E333-8FDC-42A3-9474-1A3956D46DE8}") = "Toci", "Toci", "{B4E60EB0-EDBC-4CF2-BD17-486F9019B9F5}"
EndProject
Project("{FAE04EC0-301F-11D3-BF4B-00C04F79EFBC}") = "Toci.Piascode.Instructions.Interfaces", "Toci\Toci.Piascode.Instructions.Interfacces\Toci.Piascode.Instructions.Interfaces.csproj", "{86782432-7656-499A-AA3F-D1BC8A90A81D}"
EndProject
Project("{FAE04EC0-301F-11D3-BF4B-00C04F79EFBC}") = "Toci.Piastcode.Instructions", "Toci\Toci.Piastcode.Instructions\Toci.Piastcode.Instructions.csproj", "{DB9DA045-8767-442C-901D-F77D4F0C69E1}"
EndProject
Project("{FAE04EC0-301F-11D3-BF4B-00C04F79EFBC}") = "Toci.Piastcode.Social.Client", "Toci\Toci.Piastcode.Social.Client\Toci.Piastcode.Social.Client.csproj", "{CDC32FE2-61BF-4D51-B8E7-569D06A22FD7}"
EndProject
Project("{FAE04EC0-301F-11D3-BF4B-00C04F79EFBC}") = "Toci.Piastcode.Social.Client.Interfaces", "Toci\Toci.Piastcode.Social.Client.Interfaces\Toci.Piastcode.Social.Client.Interfaces.csproj", "{BBB037D1-7779-4DF9-B7E6-318EF128E933}"
EndProject
Project("{FAE04EC0-301F-11D3-BF4B-00C04F79EFBC}") = "Toci.Piastcode.Social.Entities", "Toci\Toci.Piastcode.Social.Entities\Toci.Piastcode.Social.Entities.csproj", "{77E05E9F-D76D-4AF0-997C-E1A98455243B}"
EndProject
Project("{FAE04EC0-301F-11D3-BF4B-00C04F79EFBC}") = "Toci.Piastcode.Social.Entities.Interfaces", "Toci\Toci.Piastcode.Social.Entities.Interfaces\Toci.Piastcode.Social.Entities.Interfaces.csproj", "{FC6670A4-5F00-401D-9C90-544BA5F4A46D}"
EndProject
Project("{FAE04EC0-301F-11D3-BF4B-00C04F79EFBC}") = "Toci.Piastcode.Social.Server", "Toci\Toci.Piastcode.Social.Server\Toci.Piastcode.Social.Server.csproj", "{13BB3173-2BFF-41E1-8B06-F73C4457B155}"
EndProject
Project("{FAE04EC0-301F-11D3-BF4B-00C04F79EFBC}") = "Toci.Piastcode.Social.Server.Interfaces", "Toci\Toci.Piastcode.Social.Server.Interfaces\Toci.Piastcode.Social.Server.Interfaces.csproj", "{DFD722D9-1500-422D-B95F-CC301AB35FE8}"
EndProject
Project("{FAE04EC0-301F-11D3-BF4B-00C04F79EFBC}") = "Toci.Piastcode.Social.Sockets", "Toci\Toci.Piastcode.Social.Sockets\Toci.Piastcode.Social.Sockets.csproj", "{E18E9834-6F28-48B6-81C8-A7AA4CC365C1}"
EndProject
Project("{FAE04EC0-301F-11D3-BF4B-00C04F79EFBC}") = "Toci.Piastcode.Social.Sockets.Interfaces", "Toci\Toci.Piastcode.Social.Sockets.Interfaces\Toci.Piastcode.Social.Sockets.Interfaces.csproj", "{92306387-89E7-47E5-8253-E6F3B4F3E428}"
EndProject
Project("{FAE04EC0-301F-11D3-BF4B-00C04F79EFBC}") = "Toci.Piastcode.Social.Tools", "Toci\Toci.Piastcode.Social.Tools\Toci.Piastcode.Social.Tools.csproj", "{5C40FDBC-FD89-4080-BFBC-FEE81AC53A01}"
EndProject
Project("{FAE04EC0-301F-11D3-BF4B-00C04F79EFBC}") = "Toci.Piastcode.Social.Tools.Interfaces", "Toci\Toci.Piastcode.Social.Tools.Interfaces\Toci.Piastcode.Social.Tools.Interfaces.csproj", "{C1115FFE-6885-4FB9-9F9E-4EE88178A864}"
EndProject
Project("{FAE04EC0-301F-11D3-BF4B-00C04F79EFBC}") = "Toci.Piastcode.SpeechRecognition", "Toci\Toci.Piastcode.SpeechRecognition\Toci.Piastcode.SpeechRecognition.csproj", "{480B3504-6497-43D8-9F9F-CCBBC5F230C0}"
EndProject
Project("{FAE04EC0-301F-11D3-BF4B-00C04F79EFBC}") = "Toci.Piastcode.SpeechRecognition.Interfaces", "Toci\Toci.Piastcode.SpeechRecognition.Interfaces\Toci.Piastcode.SpeechRecognition.Interfaces.csproj", "{7247629D-ACEE-4164-93A4-68F8A8B2ED85}"
EndProject
Global
	GlobalSection(SolutionConfigurationPlatforms) = preSolution
		Debug|Any CPU = Debug|Any CPU
		Debug|x64 = Debug|x64
		Release|Any CPU = Release|Any CPU
		Release|x64 = Release|x64
	EndGlobalSection
	GlobalSection(ProjectConfigurationPlatforms) = postSolution
		{F9EE549E-E774-4C67-AB5F-FA5212D8B501}.Debug|Any CPU.ActiveCfg = Debug|Any CPU
		{F9EE549E-E774-4C67-AB5F-FA5212D8B501}.Debug|Any CPU.Build.0 = Debug|Any CPU
		{F9EE549E-E774-4C67-AB5F-FA5212D8B501}.Debug|x64.ActiveCfg = Debug|Any CPU
		{F9EE549E-E774-4C67-AB5F-FA5212D8B501}.Debug|x64.Build.0 = Debug|Any CPU
		{F9EE549E-E774-4C67-AB5F-FA5212D8B501}.Release|Any CPU.ActiveCfg = Release|Any CPU
		{F9EE549E-E774-4C67-AB5F-FA5212D8B501}.Release|Any CPU.Build.0 = Release|Any CPU
		{F9EE549E-E774-4C67-AB5F-FA5212D8B501}.Release|x64.ActiveCfg = Release|Any CPU
		{F9EE549E-E774-4C67-AB5F-FA5212D8B501}.Release|x64.Build.0 = Release|Any CPU
		{1BC98758-87AE-488E-9B2F-4E06ACC83646}.Debug|Any CPU.ActiveCfg = Debug|Any CPU
		{1BC98758-87AE-488E-9B2F-4E06ACC83646}.Debug|Any CPU.Build.0 = Debug|Any CPU
		{1BC98758-87AE-488E-9B2F-4E06ACC83646}.Debug|x64.ActiveCfg = Debug|Any CPU
		{1BC98758-87AE-488E-9B2F-4E06ACC83646}.Debug|x64.Build.0 = Debug|Any CPU
		{1BC98758-87AE-488E-9B2F-4E06ACC83646}.Release|Any CPU.ActiveCfg = Release|Any CPU
		{1BC98758-87AE-488E-9B2F-4E06ACC83646}.Release|Any CPU.Build.0 = Release|Any CPU
		{1BC98758-87AE-488E-9B2F-4E06ACC83646}.Release|x64.ActiveCfg = Release|Any CPU
		{1BC98758-87AE-488E-9B2F-4E06ACC83646}.Release|x64.Build.0 = Release|Any CPU
		{5BCC781B-0C52-4E96-BC43-8B1E02BC442B}.Debug|Any CPU.ActiveCfg = Debug|Any CPU
		{5BCC781B-0C52-4E96-BC43-8B1E02BC442B}.Debug|Any CPU.Build.0 = Debug|Any CPU
		{5BCC781B-0C52-4E96-BC43-8B1E02BC442B}.Debug|x64.ActiveCfg = Debug|Any CPU
		{5BCC781B-0C52-4E96-BC43-8B1E02BC442B}.Debug|x64.Build.0 = Debug|Any CPU
		{5BCC781B-0C52-4E96-BC43-8B1E02BC442B}.Release|Any CPU.ActiveCfg = Release|Any CPU
		{5BCC781B-0C52-4E96-BC43-8B1E02BC442B}.Release|Any CPU.Build.0 = Release|Any CPU
		{5BCC781B-0C52-4E96-BC43-8B1E02BC442B}.Release|x64.ActiveCfg = Release|Any CPU
		{5BCC781B-0C52-4E96-BC43-8B1E02BC442B}.Release|x64.Build.0 = Release|Any CPU
		{7773A028-F409-4611-88A3-2CCA4D57E8DB}.Debug|Any CPU.ActiveCfg = Debug|Any CPU
		{7773A028-F409-4611-88A3-2CCA4D57E8DB}.Debug|Any CPU.Build.0 = Debug|Any CPU
		{7773A028-F409-4611-88A3-2CCA4D57E8DB}.Debug|x64.ActiveCfg = Debug|Any CPU
		{7773A028-F409-4611-88A3-2CCA4D57E8DB}.Debug|x64.Build.0 = Debug|Any CPU
		{7773A028-F409-4611-88A3-2CCA4D57E8DB}.Release|Any CPU.ActiveCfg = Release|Any CPU
		{7773A028-F409-4611-88A3-2CCA4D57E8DB}.Release|Any CPU.Build.0 = Release|Any CPU
		{7773A028-F409-4611-88A3-2CCA4D57E8DB}.Release|x64.ActiveCfg = Release|Any CPU
		{7773A028-F409-4611-88A3-2CCA4D57E8DB}.Release|x64.Build.0 = Release|Any CPU
		{A72EB923-18EB-42A9-938E-533CFC5B15EF}.Debug|Any CPU.ActiveCfg = Debug|Any CPU
		{A72EB923-18EB-42A9-938E-533CFC5B15EF}.Debug|Any CPU.Build.0 = Debug|Any CPU
		{A72EB923-18EB-42A9-938E-533CFC5B15EF}.Debug|x64.ActiveCfg = Debug|x64
		{A72EB923-18EB-42A9-938E-533CFC5B15EF}.Debug|x64.Build.0 = Debug|x64
		{A72EB923-18EB-42A9-938E-533CFC5B15EF}.Release|Any CPU.ActiveCfg = Release|Any CPU
		{A72EB923-18EB-42A9-938E-533CFC5B15EF}.Release|Any CPU.Build.0 = Release|Any CPU
		{A72EB923-18EB-42A9-938E-533CFC5B15EF}.Release|x64.ActiveCfg = Release|x64
		{A72EB923-18EB-42A9-938E-533CFC5B15EF}.Release|x64.Build.0 = Release|x64
		{69CAD7FC-EE2B-4436-95BE-FDB0D68D9458}.Debug|Any CPU.ActiveCfg = Debug|Any CPU
		{69CAD7FC-EE2B-4436-95BE-FDB0D68D9458}.Debug|Any CPU.Build.0 = Debug|Any CPU
		{69CAD7FC-EE2B-4436-95BE-FDB0D68D9458}.Debug|x64.ActiveCfg = Debug|Any CPU
		{69CAD7FC-EE2B-4436-95BE-FDB0D68D9458}.Debug|x64.Build.0 = Debug|Any CPU
		{69CAD7FC-EE2B-4436-95BE-FDB0D68D9458}.Release|Any CPU.ActiveCfg = Release|Any CPU
		{69CAD7FC-EE2B-4436-95BE-FDB0D68D9458}.Release|Any CPU.Build.0 = Release|Any CPU
		{69CAD7FC-EE2B-4436-95BE-FDB0D68D9458}.Release|x64.ActiveCfg = Release|Any CPU
		{69CAD7FC-EE2B-4436-95BE-FDB0D68D9458}.Release|x64.Build.0 = Release|Any CPU
		{86782432-7656-499A-AA3F-D1BC8A90A81D}.Debug|Any CPU.ActiveCfg = Debug|Any CPU
		{86782432-7656-499A-AA3F-D1BC8A90A81D}.Debug|Any CPU.Build.0 = Debug|Any CPU
		{86782432-7656-499A-AA3F-D1BC8A90A81D}.Debug|x64.ActiveCfg = Debug|Any CPU
		{86782432-7656-499A-AA3F-D1BC8A90A81D}.Debug|x64.Build.0 = Debug|Any CPU
		{86782432-7656-499A-AA3F-D1BC8A90A81D}.Release|Any CPU.ActiveCfg = Release|Any CPU
		{86782432-7656-499A-AA3F-D1BC8A90A81D}.Release|Any CPU.Build.0 = Release|Any CPU
		{86782432-7656-499A-AA3F-D1BC8A90A81D}.Release|x64.ActiveCfg = Release|Any CPU
		{86782432-7656-499A-AA3F-D1BC8A90A81D}.Release|x64.Build.0 = Release|Any CPU
		{DB9DA045-8767-442C-901D-F77D4F0C69E1}.Debug|Any CPU.ActiveCfg = Debug|Any CPU
		{DB9DA045-8767-442C-901D-F77D4F0C69E1}.Debug|Any CPU.Build.0 = Debug|Any CPU
		{DB9DA045-8767-442C-901D-F77D4F0C69E1}.Debug|x64.ActiveCfg = Debug|Any CPU
		{DB9DA045-8767-442C-901D-F77D4F0C69E1}.Debug|x64.Build.0 = Debug|Any CPU
		{DB9DA045-8767-442C-901D-F77D4F0C69E1}.Release|Any CPU.ActiveCfg = Release|Any CPU
		{DB9DA045-8767-442C-901D-F77D4F0C69E1}.Release|Any CPU.Build.0 = Release|Any CPU
		{DB9DA045-8767-442C-901D-F77D4F0C69E1}.Release|x64.ActiveCfg = Release|Any CPU
		{DB9DA045-8767-442C-901D-F77D4F0C69E1}.Release|x64.Build.0 = Release|Any CPU
		{CDC32FE2-61BF-4D51-B8E7-569D06A22FD7}.Debug|Any CPU.ActiveCfg = Debug|Any CPU
		{CDC32FE2-61BF-4D51-B8E7-569D06A22FD7}.Debug|Any CPU.Build.0 = Debug|Any CPU
		{CDC32FE2-61BF-4D51-B8E7-569D06A22FD7}.Debug|x64.ActiveCfg = Debug|Any CPU
		{CDC32FE2-61BF-4D51-B8E7-569D06A22FD7}.Debug|x64.Build.0 = Debug|Any CPU
		{CDC32FE2-61BF-4D51-B8E7-569D06A22FD7}.Release|Any CPU.ActiveCfg = Release|Any CPU
		{CDC32FE2-61BF-4D51-B8E7-569D06A22FD7}.Release|Any CPU.Build.0 = Release|Any CPU
		{CDC32FE2-61BF-4D51-B8E7-569D06A22FD7}.Release|x64.ActiveCfg = Release|Any CPU
		{CDC32FE2-61BF-4D51-B8E7-569D06A22FD7}.Release|x64.Build.0 = Release|Any CPU
		{BBB037D1-7779-4DF9-B7E6-318EF128E933}.Debug|Any CPU.ActiveCfg = Debug|Any CPU
		{BBB037D1-7779-4DF9-B7E6-318EF128E933}.Debug|Any CPU.Build.0 = Debug|Any CPU
		{BBB037D1-7779-4DF9-B7E6-318EF128E933}.Debug|x64.ActiveCfg = Debug|Any CPU
		{BBB037D1-7779-4DF9-B7E6-318EF128E933}.Debug|x64.Build.0 = Debug|Any CPU
		{BBB037D1-7779-4DF9-B7E6-318EF128E933}.Release|Any CPU.ActiveCfg = Release|Any CPU
		{BBB037D1-7779-4DF9-B7E6-318EF128E933}.Release|Any CPU.Build.0 = Release|Any CPU
		{BBB037D1-7779-4DF9-B7E6-318EF128E933}.Release|x64.ActiveCfg = Release|Any CPU
		{BBB037D1-7779-4DF9-B7E6-318EF128E933}.Release|x64.Build.0 = Release|Any CPU
		{77E05E9F-D76D-4AF0-997C-E1A98455243B}.Debug|Any CPU.ActiveCfg = Debug|Any CPU
		{77E05E9F-D76D-4AF0-997C-E1A98455243B}.Debug|Any CPU.Build.0 = Debug|Any CPU
		{77E05E9F-D76D-4AF0-997C-E1A98455243B}.Debug|x64.ActiveCfg = Debug|Any CPU
		{77E05E9F-D76D-4AF0-997C-E1A98455243B}.Debug|x64.Build.0 = Debug|Any CPU
		{77E05E9F-D76D-4AF0-997C-E1A98455243B}.Release|Any CPU.ActiveCfg = Release|Any CPU
		{77E05E9F-D76D-4AF0-997C-E1A98455243B}.Release|Any CPU.Build.0 = Release|Any CPU
		{77E05E9F-D76D-4AF0-997C-E1A98455243B}.Release|x64.ActiveCfg = Release|Any CPU
		{77E05E9F-D76D-4AF0-997C-E1A98455243B}.Release|x64.Build.0 = Release|Any CPU
		{FC6670A4-5F00-401D-9C90-544BA5F4A46D}.Debug|Any CPU.ActiveCfg = Debug|Any CPU
		{FC6670A4-5F00-401D-9C90-544BA5F4A46D}.Debug|Any CPU.Build.0 = Debug|Any CPU
		{FC6670A4-5F00-401D-9C90-544BA5F4A46D}.Debug|x64.ActiveCfg = Debug|Any CPU
		{FC6670A4-5F00-401D-9C90-544BA5F4A46D}.Debug|x64.Build.0 = Debug|Any CPU
		{FC6670A4-5F00-401D-9C90-544BA5F4A46D}.Release|Any CPU.ActiveCfg = Release|Any CPU
		{FC6670A4-5F00-401D-9C90-544BA5F4A46D}.Release|Any CPU.Build.0 = Release|Any CPU
		{FC6670A4-5F00-401D-9C90-544BA5F4A46D}.Release|x64.ActiveCfg = Release|Any CPU
		{FC6670A4-5F00-401D-9C90-544BA5F4A46D}.Release|x64.Build.0 = Release|Any CPU
		{13BB3173-2BFF-41E1-8B06-F73C4457B155}.Debug|Any CPU.ActiveCfg = Debug|Any CPU
		{13BB3173-2BFF-41E1-8B06-F73C4457B155}.Debug|Any CPU.Build.0 = Debug|Any CPU
		{13BB3173-2BFF-41E1-8B06-F73C4457B155}.Debug|x64.ActiveCfg = Debug|Any CPU
		{13BB3173-2BFF-41E1-8B06-F73C4457B155}.Debug|x64.Build.0 = Debug|Any CPU
		{13BB3173-2BFF-41E1-8B06-F73C4457B155}.Release|Any CPU.ActiveCfg = Release|Any CPU
		{13BB3173-2BFF-41E1-8B06-F73C4457B155}.Release|Any CPU.Build.0 = Release|Any CPU
		{13BB3173-2BFF-41E1-8B06-F73C4457B155}.Release|x64.ActiveCfg = Release|Any CPU
		{13BB3173-2BFF-41E1-8B06-F73C4457B155}.Release|x64.Build.0 = Release|Any CPU
		{DFD722D9-1500-422D-B95F-CC301AB35FE8}.Debug|Any CPU.ActiveCfg = Debug|Any CPU
		{DFD722D9-1500-422D-B95F-CC301AB35FE8}.Debug|Any CPU.Build.0 = Debug|Any CPU
		{DFD722D9-1500-422D-B95F-CC301AB35FE8}.Debug|x64.ActiveCfg = Debug|Any CPU
		{DFD722D9-1500-422D-B95F-CC301AB35FE8}.Debug|x64.Build.0 = Debug|Any CPU
		{DFD722D9-1500-422D-B95F-CC301AB35FE8}.Release|Any CPU.ActiveCfg = Release|Any CPU
		{DFD722D9-1500-422D-B95F-CC301AB35FE8}.Release|Any CPU.Build.0 = Release|Any CPU
		{DFD722D9-1500-422D-B95F-CC301AB35FE8}.Release|x64.ActiveCfg = Release|Any CPU
		{DFD722D9-1500-422D-B95F-CC301AB35FE8}.Release|x64.Build.0 = Release|Any CPU
		{E18E9834-6F28-48B6-81C8-A7AA4CC365C1}.Debug|Any CPU.ActiveCfg = Debug|Any CPU
		{E18E9834-6F28-48B6-81C8-A7AA4CC365C1}.Debug|Any CPU.Build.0 = Debug|Any CPU
		{E18E9834-6F28-48B6-81C8-A7AA4CC365C1}.Debug|x64.ActiveCfg = Debug|Any CPU
		{E18E9834-6F28-48B6-81C8-A7AA4CC365C1}.Debug|x64.Build.0 = Debug|Any CPU
		{E18E9834-6F28-48B6-81C8-A7AA4CC365C1}.Release|Any CPU.ActiveCfg = Release|Any CPU
		{E18E9834-6F28-48B6-81C8-A7AA4CC365C1}.Release|Any CPU.Build.0 = Release|Any CPU
		{E18E9834-6F28-48B6-81C8-A7AA4CC365C1}.Release|x64.ActiveCfg = Release|Any CPU
		{E18E9834-6F28-48B6-81C8-A7AA4CC365C1}.Release|x64.Build.0 = Release|Any CPU
		{92306387-89E7-47E5-8253-E6F3B4F3E428}.Debug|Any CPU.ActiveCfg = Debug|Any CPU
		{92306387-89E7-47E5-8253-E6F3B4F3E428}.Debug|Any CPU.Build.0 = Debug|Any CPU
		{92306387-89E7-47E5-8253-E6F3B4F3E428}.Debug|x64.ActiveCfg = Debug|Any CPU
		{92306387-89E7-47E5-8253-E6F3B4F3E428}.Debug|x64.Build.0 = Debug|Any CPU
		{92306387-89E7-47E5-8253-E6F3B4F3E428}.Release|Any CPU.ActiveCfg = Release|Any CPU
		{92306387-89E7-47E5-8253-E6F3B4F3E428}.Release|Any CPU.Build.0 = Release|Any CPU
		{92306387-89E7-47E5-8253-E6F3B4F3E428}.Release|x64.ActiveCfg = Release|Any CPU
		{92306387-89E7-47E5-8253-E6F3B4F3E428}.Release|x64.Build.0 = Release|Any CPU
		{5C40FDBC-FD89-4080-BFBC-FEE81AC53A01}.Debug|Any CPU.ActiveCfg = Debug|Any CPU
		{5C40FDBC-FD89-4080-BFBC-FEE81AC53A01}.Debug|Any CPU.Build.0 = Debug|Any CPU
		{5C40FDBC-FD89-4080-BFBC-FEE81AC53A01}.Debug|x64.ActiveCfg = Debug|Any CPU
		{5C40FDBC-FD89-4080-BFBC-FEE81AC53A01}.Debug|x64.Build.0 = Debug|Any CPU
		{5C40FDBC-FD89-4080-BFBC-FEE81AC53A01}.Release|Any CPU.ActiveCfg = Release|Any CPU
		{5C40FDBC-FD89-4080-BFBC-FEE81AC53A01}.Release|Any CPU.Build.0 = Release|Any CPU
		{5C40FDBC-FD89-4080-BFBC-FEE81AC53A01}.Release|x64.ActiveCfg = Release|Any CPU
		{5C40FDBC-FD89-4080-BFBC-FEE81AC53A01}.Release|x64.Build.0 = Release|Any CPU
		{C1115FFE-6885-4FB9-9F9E-4EE88178A864}.Debug|Any CPU.ActiveCfg = Debug|Any CPU
		{C1115FFE-6885-4FB9-9F9E-4EE88178A864}.Debug|Any CPU.Build.0 = Debug|Any CPU
		{C1115FFE-6885-4FB9-9F9E-4EE88178A864}.Debug|x64.ActiveCfg = Debug|Any CPU
		{C1115FFE-6885-4FB9-9F9E-4EE88178A864}.Debug|x64.Build.0 = Debug|Any CPU
		{C1115FFE-6885-4FB9-9F9E-4EE88178A864}.Release|Any CPU.ActiveCfg = Release|Any CPU
		{C1115FFE-6885-4FB9-9F9E-4EE88178A864}.Release|Any CPU.Build.0 = Release|Any CPU
		{C1115FFE-6885-4FB9-9F9E-4EE88178A864}.Release|x64.ActiveCfg = Release|Any CPU
		{C1115FFE-6885-4FB9-9F9E-4EE88178A864}.Release|x64.Build.0 = Release|Any CPU
		{480B3504-6497-43D8-9F9F-CCBBC5F230C0}.Debug|Any CPU.ActiveCfg = Debug|Any CPU
		{480B3504-6497-43D8-9F9F-CCBBC5F230C0}.Debug|Any CPU.Build.0 = Debug|Any CPU
		{480B3504-6497-43D8-9F9F-CCBBC5F230C0}.Debug|x64.ActiveCfg = Debug|Any CPU
		{480B3504-6497-43D8-9F9F-CCBBC5F230C0}.Debug|x64.Build.0 = Debug|Any CPU
		{480B3504-6497-43D8-9F9F-CCBBC5F230C0}.Release|Any CPU.ActiveCfg = Release|Any CPU
		{480B3504-6497-43D8-9F9F-CCBBC5F230C0}.Release|Any CPU.Build.0 = Release|Any CPU
		{480B3504-6497-43D8-9F9F-CCBBC5F230C0}.Release|x64.ActiveCfg = Release|Any CPU
		{480B3504-6497-43D8-9F9F-CCBBC5F230C0}.Release|x64.Build.0 = Release|Any CPU
		{7247629D-ACEE-4164-93A4-68F8A8B2ED85}.Debug|Any CPU.ActiveCfg = Debug|Any CPU
		{7247629D-ACEE-4164-93A4-68F8A8B2ED85}.Debug|Any CPU.Build.0 = Debug|Any CPU
		{7247629D-ACEE-4164-93A4-68F8A8B2ED85}.Debug|x64.ActiveCfg = Debug|Any CPU
		{7247629D-ACEE-4164-93A4-68F8A8B2ED85}.Debug|x64.Build.0 = Debug|Any CPU
		{7247629D-ACEE-4164-93A4-68F8A8B2ED85}.Release|Any CPU.ActiveCfg = Release|Any CPU
		{7247629D-ACEE-4164-93A4-68F8A8B2ED85}.Release|Any CPU.Build.0 = Release|Any CPU
		{7247629D-ACEE-4164-93A4-68F8A8B2ED85}.Release|x64.ActiveCfg = Release|Any CPU
		{7247629D-ACEE-4164-93A4-68F8A8B2ED85}.Release|x64.Build.0 = Release|Any CPU
	EndGlobalSection
	GlobalSection(SolutionProperties) = preSolution
		HideSolutionNode = FALSE
	EndGlobalSection
	GlobalSection(NestedProjects) = preSolution
		{B84A6007-02A1-47F1-A9EF-CABA9A80833B} = {6FF7BA71-B302-495E-A2BB-4EDDC2C83E54}
		{7445A02E-33F9-4EDD-8F0B-7CD203C3B147} = {B84A6007-02A1-47F1-A9EF-CABA9A80833B}
		{63183E3E-79EB-4A9D-82E3-24C7DBAB77A9} = {B84A6007-02A1-47F1-A9EF-CABA9A80833B}
		{86782432-7656-499A-AA3F-D1BC8A90A81D} = {B4E60EB0-EDBC-4CF2-BD17-486F9019B9F5}
		{DB9DA045-8767-442C-901D-F77D4F0C69E1} = {B4E60EB0-EDBC-4CF2-BD17-486F9019B9F5}
		{CDC32FE2-61BF-4D51-B8E7-569D06A22FD7} = {B4E60EB0-EDBC-4CF2-BD17-486F9019B9F5}
		{BBB037D1-7779-4DF9-B7E6-318EF128E933} = {B4E60EB0-EDBC-4CF2-BD17-486F9019B9F5}
		{77E05E9F-D76D-4AF0-997C-E1A98455243B} = {B4E60EB0-EDBC-4CF2-BD17-486F9019B9F5}
		{FC6670A4-5F00-401D-9C90-544BA5F4A46D} = {B4E60EB0-EDBC-4CF2-BD17-486F9019B9F5}
		{13BB3173-2BFF-41E1-8B06-F73C4457B155} = {B4E60EB0-EDBC-4CF2-BD17-486F9019B9F5}
		{DFD722D9-1500-422D-B95F-CC301AB35FE8} = {B4E60EB0-EDBC-4CF2-BD17-486F9019B9F5}
		{E18E9834-6F28-48B6-81C8-A7AA4CC365C1} = {B4E60EB0-EDBC-4CF2-BD17-486F9019B9F5}
		{92306387-89E7-47E5-8253-E6F3B4F3E428} = {B4E60EB0-EDBC-4CF2-BD17-486F9019B9F5}
		{5C40FDBC-FD89-4080-BFBC-FEE81AC53A01} = {B4E60EB0-EDBC-4CF2-BD17-486F9019B9F5}
		{C1115FFE-6885-4FB9-9F9E-4EE88178A864} = {B4E60EB0-EDBC-4CF2-BD17-486F9019B9F5}
		{480B3504-6497-43D8-9F9F-CCBBC5F230C0} = {B4E60EB0-EDBC-4CF2-BD17-486F9019B9F5}
		{7247629D-ACEE-4164-93A4-68F8A8B2ED85} = {B4E60EB0-EDBC-4CF2-BD17-486F9019B9F5}
	EndGlobalSection
EndGlobal
